<Solution>
  <Folder Name="/src/" />
  <Folder Name="/src/Core/">
    <Project Path="src/Core/KineticReports.Core/KineticReports.Core.csproj" />
  </Folder>
  <Folder Name="/src/Plugins/">
    <Project Path="src/Plugins/KineticReports.Samples.Plugins/KineticReports.Samples.Plugins.csproj" />
  </Folder>
  <Folder Name="/src/Samples/">
    <Project Path="src/Samples/KineticReports.Samples.Blazor/KineticReports.Samples.Blazor.csproj" />
    <Project Path="src/Samples/KineticReports.Samples.Mvc/KineticReports.Samples.Mvc.csproj" />
  </Folder>
  <Folder Name="/src/Viewer/">
    <Project Path="src/Viewer/KineticReports.Viewer.Blazor/KineticReports.Viewer.Blazor.csproj" />
    <Project Path="src/Viewer/KineticReports.Viewer.Mvc/KineticReports.Viewer.Mvc.csproj" />
    <Project Path="src/Viewer/KineticReports.Viewer.Web/KineticReports.Viewer.Web.csproj" />
  </Folder>
  <Folder Name="/tests/" />
  <Folder Name="/tests/perf-tests/">
    <Project Path="tests/perf-tests/KineticReports.Perf.Tests/KineticReports.Perf.Tests.csproj" />
  </Folder>
  <Folder Name="/tests/unit-tests/">
    <Project Path="tests/unit-tests/KineticReports.Core.Tests/KineticReports.Core.Tests.csproj" />
    <Project Path="tests/unit-tests/KineticReports.Data.SqlServer.Tests/KineticReports.Data.SqlServer.Tests.csproj" />
    <Project Path="tests/unit-tests/KineticReports.Engine.Tests/KineticReports.Engine.Tests.csproj" />
    <Project Path="tests/unit-tests/KineticReports.Export.Html.Tests/KineticReports.Export.Html.Tests.csproj" />
    <Project Path="tests/unit-tests/KineticReports.Layout.Tests/KineticReports.Layout.Tests.csproj" />
    <Project Path="tests/unit-tests/KineticReports.Plugins.Tests/KineticReports.Plugins.Tests.csproj" />
    <Project Path="tests/unit-tests/KineticReports.Rendering.Skia.Tests/KineticReports.Rendering.Skia.Tests.csproj" />
    <Project Path="tests/unit-tests/KineticReports.Rendering.Tests/KineticReports.Rendering.Tests.csproj" />
    <Project Path="tests/unit-tests/KineticReports.Viewer.Blazor.Tests/KineticReports.Viewer.Blazor.Tests.csproj" />
    <Project Path="tests/unit-tests/KineticReports.Viewer.Web.Tests/KineticReports.Viewer.Web.Tests.csproj" />
    <Project Path="tests/unit-tests/KineticReports.Visual.Tests/KineticReports.Visual.Tests.csproj" />
  </Folder>
</Solution>
